// !$*UTF8*$!
{
	archiveVersion = 1;
	classes = {
	};
	objectVersion = 56;
	objects = {

/* Begin PBXBuildFile section */
		42F0DEE02987522700B27069 /* closetApp.swift in Sources */ = {isa = PBXBuildFile; fileRef = 42F0DEDF2987522700B27069 /* closetApp.swift */; };
		42F0DEE22987522700B27069 /* ContentView.swift in Sources */ = {isa = PBXBuildFile; fileRef = 42F0DEE12987522700B27069 /* ContentView.swift */; };
		42F0DEE42987522C00B27069 /* Assets.xcassets in Resources */ = {isa = PBXBuildFile; fileRef = 42F0DEE32987522C00B27069 /* Assets.xcassets */; };
		42F0DEE72987522C00B27069 /* Preview Assets.xcassets in Resources */ = {isa = PBXBuildFile; fileRef = 42F0DEE62987522C00B27069 /* Preview Assets.xcassets */; };
		42F0DEE92987522C00B27069 /* Persistence.swift in Sources */ = {isa = PBXBuildFile; fileRef = 42F0DEE82987522C00B27069 /* Persistence.swift */; };
		42F0DEEC2987522C00B27069 /* closet.xcdatamodeld in Sources */ = {isa = PBXBuildFile; fileRef = 42F0DEEA2987522C00B27069 /* closet.xcdatamodeld */; };
		42F0DEF8298754B800B27069 /* ClothingItem.swift in Sources */ = {isa = PBXBuildFile; fileRef = 42F0DEF7298754B800B27069 /* ClothingItem.swift */; };
		42F0DEFA2987561C00B27069 /* Top.swift in Sources */ = {isa = PBXBuildFile; fileRef = 42F0DEF92987561C00B27069 /* Top.swift */; };
		42F0DEFD2987567600B27069 /* GenericSize.swift in Sources */ = {isa = PBXBuildFile; fileRef = 42F0DEFC2987567600B27069 /* GenericSize.swift */; };
		42F0DEFF2987568F00B27069 /* Bottom.swift in Sources */ = {isa = PBXBuildFile; fileRef = 42F0DEFE2987568F00B27069 /* Bottom.swift */; };
/* End PBXBuildFile section */

/* Begin PBXFileReference section */
		42F0DEDC2987522700B27069 /* closet.app */ = {isa = PBXFileReference; explicitFileType = wrapper.application; includeInIndex = 0; path = closet.app; sourceTree = BUILT_PRODUCTS_DIR; };
		42F0DEDF2987522700B27069 /* closetApp.swift */ = {isa = PBXFileReference; lastKnownFileType = sourcecode.swift; path = closetApp.swift; sourceTree = "<group>"; };
		42F0DEE12987522700B27069 /* ContentView.swift */ = {isa = PBXFileReference; lastKnownFileType = sourcecode.swift; path = ContentView.swift; sourceTree = "<group>"; };
		42F0DEE32987522C00B27069 /* Assets.xcassets */ = {isa = PBXFileReference; lastKnownFileType = folder.assetcatalog; path = Assets.xcassets; sourceTree = "<group>"; };
		42F0DEE62987522C00B27069 /* Preview Assets.xcassets */ = {isa = PBXFileReference; lastKnownFileType = folder.assetcatalog; path = "Preview Assets.xcassets"; sourceTree = "<group>"; };
		42F0DEE82987522C00B27069 /* Persistence.swift */ = {isa = PBXFileReference; lastKnownFileType = sourcecode.swift; path = Persistence.swift; sourceTree = "<group>"; };
		42F0DEEB2987522C00B27069 /* closet.xcdatamodel */ = {isa = PBXFileReference; lastKnownFileType = wrapper.xcdatamodel; path = closet.xcdatamodel; sourceTree = "<group>"; };
		42F0DEF7298754B800B27069 /* ClothingItem.swift */ = {isa = PBXFileReference; lastKnownFileType = sourcecode.swift; path = ClothingItem.swift; sourceTree = "<group>"; };
		42F0DEF92987561C00B27069 /* Top.swift */ = {isa = PBXFileReference; lastKnownFileType = sourcecode.swift; path = Top.swift; sourceTree = "<group>"; };
		42F0DEFC2987567600B27069 /* GenericSize.swift */ = {isa = PBXFileReference; lastKnownFileType = sourcecode.swift; path = GenericSize.swift; sourceTree = "<group>"; };
		42F0DEFE2987568F00B27069 /* Bottom.swift */ = {isa = PBXFileReference; lastKnownFileType = sourcecode.swift; path = Bottom.swift; sourceTree = "<group>"; };
/* End PBXFileReference section */

/* Begin PBXFrameworksBuildPhase section */
		42F0DED92987522700B27069 /* Frameworks */ = {
			isa = PBXFrameworksBuildPhase;
			buildActionMask = 2147483647;
			files = (
			);
			runOnlyForDeploymentPostprocessing = 0;
		};
/* End PBXFrameworksBuildPhase section */

/* Begin PBXGroup section */
		42F0DED32987522700B27069 = {
			isa = PBXGroup;
			children = (
				42F0DEDE2987522700B27069 /* closet */,
				42F0DEDD2987522700B27069 /* Products */,
			);
			sourceTree = "<group>";
		};
		42F0DEDD2987522700B27069 /* Products */ = {
			isa = PBXGroup;
			children = (
				42F0DEDC2987522700B27069 /* closet.app */,
			);
			name = Products;
			sourceTree = "<group>";
		};
		42F0DEDE2987522700B27069 /* closet */ = {
			isa = PBXGroup;
			children = (
				42F0DEF42987538300B27069 /* model */,
				42F0DEF32987537A00B27069 /* viewmodel */,
				42F0DEF22987537400B27069 /* view */,
				42F0DEDF2987522700B27069 /* closetApp.swift */,
				42F0DEE12987522700B27069 /* ContentView.swift */,
				42F0DEE32987522C00B27069 /* Assets.xcassets */,
				42F0DEE82987522C00B27069 /* Persistence.swift */,
				42F0DEEA2987522C00B27069 /* closet.xcdatamodeld */,
				42F0DEE52987522C00B27069 /* Preview Content */,
			);
			path = closet;
			sourceTree = "<group>";
		};
		42F0DEE52987522C00B27069 /* Preview Content */ = {
			isa = PBXGroup;
			children = (
				42F0DEE62987522C00B27069 /* Preview Assets.xcassets */,
			);
			path = "Preview Content";
			sourceTree = "<group>";
		};
		42F0DEF22987537400B27069 /* view */ = {
			isa = PBXGroup;
			children = (
			);
			path = view;
			sourceTree = "<group>";
		};
		42F0DEF32987537A00B27069 /* viewmodel */ = {
			isa = PBXGroup;
			children = (
			);
			path = viewmodel;
			sourceTree = "<group>";
		};
		42F0DEF42987538300B27069 /* model */ = {
			isa = PBXGroup;
			children = (
				42F0DEFB2987566500B27069 /* Enums */,
				42F0DEF7298754B800B27069 /* ClothingItem.swift */,
				42F0DEFE2987568F00B27069 /* Bottom.swift */,
				42F0DEF92987561C00B27069 /* Top.swift */,
			);
			path = model;
			sourceTree = "<group>";
		};
		42F0DEFB2987566500B27069 /* Enums */ = {
			isa = PBXGroup;
			children = (
				42F0DEFC2987567600B27069 /* GenericSize.swift */,
			);
			path = Enums;
			sourceTree = "<group>";
		};
/* End PBXGroup section */

/* Begin PBXNativeTarget section */
		42F0DEDB2987522700B27069 /* closet */ = {
			isa = PBXNativeTarget;
			buildConfigurationList = 42F0DEEF2987522C00B27069 /* Build configuration list for PBXNativeTarget "closet" */;
			buildPhases = (
				42F0DED82987522700B27069 /* Sources */,
				42F0DED92987522700B27069 /* Frameworks */,
				42F0DEDA2987522700B27069 /* Resources */,
			);
			buildRules = (
			);
			dependencies = (
			);
			name = closet;
			productName = closet;
			productReference = 42F0DEDC2987522700B27069 /* closet.app */;
			productType = "com.apple.product-type.application";
		};
/* End PBXNativeTarget section */

/* Begin PBXProject section */
		42F0DED42987522700B27069 /* Project object */ = {
			isa = PBXProject;
			attributes = {
				BuildIndependentTargetsInParallel = 1;
				LastSwiftUpdateCheck = 1420;
				LastUpgradeCheck = 1420;
				TargetAttributes = {
					42F0DEDB2987522700B27069 = {
						CreatedOnToolsVersion = 14.2;
					};
				};
			};
			buildConfigurationList = 42F0DED72987522700B27069 /* Build configuration list for PBXProject "closet" */;
			compatibilityVersion = "Xcode 14.0";
			developmentRegion = en;
			hasScannedForEncodings = 0;
			knownRegions = (
				en,
				Base,
			);
			mainGroup = 42F0DED32987522700B27069;
			productRefGroup = 42F0DEDD2987522700B27069 /* Products */;
			projectDirPath = "";
			projectRoot = "";
			targets = (
				42F0DEDB2987522700B27069 /* closet */,
			);
		};
/* End PBXProject section */

/* Begin PBXResourcesBuildPhase section */
		42F0DEDA2987522700B27069 /* Resources */ = {
			isa = PBXResourcesBuildPhase;
			buildActionMask = 2147483647;
			files = (
				42F0DEE72987522C00B27069 /* Preview Assets.xcassets in Resources */,
				42F0DEE42987522C00B27069 /* Assets.xcassets in Resources */,
			);
			runOnlyForDeploymentPostprocessing = 0;
		};
/* End PBXResourcesBuildPhase section */

/* Begin PBXSourcesBuildPhase section */
		42F0DED82987522700B27069 /* Sources */ = {
			isa = PBXSourcesBuildPhase;
			buildActionMask = 2147483647;
			files = (
				42F0DEF8298754B800B27069 /* ClothingItem.swift in Sources */,
				42F0DEE92987522C00B27069 /* Persistence.swift in Sources */,
				42F0DEEC2987522C00B27069 /* closet.xcdatamodeld in Sources */,
				42F0DEFD2987567600B27069 /* GenericSize.swift in Sources */,
				42F0DEFF2987568F00B27069 /* Bottom.swift in Sources */,
				42F0DEFA2987561C00B27069 /* Top.swift in Sources */,
				42F0DEE22987522700B27069 /* ContentView.swift in Sources */,
				42F0DEE02987522700B27069 /* closetApp.swift in Sources */,
			);
			runOnlyForDeploymentPostprocessing = 0;
		};
/* End PBXSourcesBuildPhase section */

/* Begin XCBuildConfiguration section */
		42F0DEED2987522C00B27069 /* Debug */ = {
			isa = XCBuildConfiguration;
			buildSettings = {
				ALWAYS_SEARCH_USER_PATHS = NO;
				CLANG_ANALYZER_NONNULL = YES;
				CLANG_ANALYZER_NUMBER_OBJECT_CONVERSION = YES_AGGRESSIVE;
				CLANG_CXX_LANGUAGE_STANDARD = "gnu++20";
				CLANG_ENABLE_MODULES = YES;
				CLANG_ENABLE_OBJC_ARC = YES;
				CLANG_ENABLE_OBJC_WEAK = YES;
				CLANG_WARN_BLOCK_CAPTURE_AUTORELEASING = YES;
				CLANG_WARN_BOOL_CONVERSION = YES;
				CLANG_WARN_COMMA = YES;
				CLANG_WARN_CONSTANT_CONVERSION = YES;
				CLANG_WARN_DEPRECATED_OBJC_IMPLEMENTATIONS = YES;
				CLANG_WARN_DIRECT_OBJC_ISA_USAGE = YES_ERROR;
				CLANG_WARN_DOCUMENTATION_COMMENTS = YES;
				CLANG_WARN_EMPTY_BODY = YES;
				CLANG_WARN_ENUM_CONVERSION = YES;
				CLANG_WARN_INFINITE_RECURSION = YES;
				CLANG_WARN_INT_CONVERSION = YES;
				CLANG_WARN_NON_LITERAL_NULL_CONVERSION = YES;
				CLANG_WARN_OBJC_IMPLICIT_RETAIN_SELF = YES;
				CLANG_WARN_OBJC_LITERAL_CONVERSION = YES;
				CLANG_WARN_OBJC_ROOT_CLASS = YES_ERROR;
				CLANG_WARN_QUOTED_INCLUDE_IN_FRAMEWORK_HEADER = YES;
				CLANG_WARN_RANGE_LOOP_ANALYSIS = YES;
				CLANG_WARN_STRICT_PROTOTYPES = YES;
				CLANG_WARN_SUSPICIOUS_MOVE = YES;
				CLANG_WARN_UNGUARDED_AVAILABILITY = YES_AGGRESSIVE;
				CLANG_WARN_UNREACHABLE_CODE = YES;
				CLANG_WARN__DUPLICATE_METHOD_MATCH = YES;
				COPY_PHASE_STRIP = NO;
				DEBUG_INFORMATION_FORMAT = dwarf;
				ENABLE_STRICT_OBJC_MSGSEND = YES;
				ENABLE_TESTABILITY = YES;
				GCC_C_LANGUAGE_STANDARD = gnu11;
				GCC_DYNAMIC_NO_PIC = NO;
				GCC_NO_COMMON_BLOCKS = YES;
				GCC_OPTIMIZATION_LEVEL = 0;
				GCC_PREPROCESSOR_DEFINITIONS = (
					"DEBUG=1",
					"$(inherited)",
				);
				GCC_WARN_64_TO_32_BIT_CONVERSION = YES;
				GCC_WARN_ABOUT_RETURN_TYPE = YES_ERROR;
				GCC_WARN_UNDECLARED_SELECTOR = YES;
				GCC_WARN_UNINITIALIZED_AUTOS = YES_AGGRESSIVE;
				GCC_WARN_UNUSED_FUNCTION = YES;
				GCC_WARN_UNUSED_VARIABLE = YES;
				IPHONEOS_DEPLOYMENT_TARGET = 16.2;
				MTL_ENABLE_DEBUG_INFO = INCLUDE_SOURCE;
				MTL_FAST_MATH = YES;
				ONLY_ACTIVE_ARCH = YES;
				SDKROOT = iphoneos;
				SWIFT_ACTIVE_COMPILATION_CONDITIONS = DEBUG;
				SWIFT_OPTIMIZATION_LEVEL = "-Onone";
			};
			name = Debug;
		};
		42F0DEEE2987522C00B27069 /* Release */ = {
			isa = XCBuildConfiguration;
			buildSettings = {
				ALWAYS_SEARCH_USER_PATHS = NO;
				CLANG_ANALYZER_NONNULL = YES;
				CLANG_ANALYZER_NUMBER_OBJECT_CONVERSION = YES_AGGRESSIVE;
				CLANG_CXX_LANGUAGE_STANDARD = "gnu++20";
				CLANG_ENABLE_MODULES = YES;
				CLANG_ENABLE_OBJC_ARC = YES;
				CLANG_ENABLE_OBJC_WEAK = YES;
				CLANG_WARN_BLOCK_CAPTURE_AUTORELEASING = YES;
				CLANG_WARN_BOOL_CONVERSION = YES;
				CLANG_WARN_COMMA = YES;
				CLANG_WARN_CONSTANT_CONVERSION = YES;
				CLANG_WARN_DEPRECATED_OBJC_IMPLEMENTATIONS = YES;
				CLANG_WARN_DIRECT_OBJC_ISA_USAGE = YES_ERROR;
				CLANG_WARN_DOCUMENTATION_COMMENTS = YES;
				CLANG_WARN_EMPTY_BODY = YES;
				CLANG_WARN_ENUM_CONVERSION = YES;
				CLANG_WARN_INFINITE_RECURSION = YES;
				CLANG_WARN_INT_CONVERSION = YES;
				CLANG_WARN_NON_LITERAL_NULL_CONVERSION = YES;
				CLANG_WARN_OBJC_IMPLICIT_RETAIN_SELF = YES;
				CLANG_WARN_OBJC_LITERAL_CONVERSION = YES;
				CLANG_WARN_OBJC_ROOT_CLASS = YES_ERROR;
				CLANG_WARN_QUOTED_INCLUDE_IN_FRAMEWORK_HEADER = YES;
				CLANG_WARN_RANGE_LOOP_ANALYSIS = YES;
				CLANG_WARN_STRICT_PROTOTYPES = YES;
				CLANG_WARN_SUSPICIOUS_MOVE = YES;
				CLANG_WARN_UNGUARDED_AVAILABILITY = YES_AGGRESSIVE;
				CLANG_WARN_UNREACHABLE_CODE = YES;
				CLANG_WARN__DUPLICATE_METHOD_MATCH = YES;
				COPY_PHASE_STRIP = NO;
				DEBUG_INFORMATION_FORMAT = "dwarf-with-dsym";
				ENABLE_NS_ASSERTIONS = NO;
				ENABLE_STRICT_OBJC_MSGSEND = YES;
				GCC_C_LANGUAGE_STANDARD = gnu11;
				GCC_NO_COMMON_BLOCKS = YES;
				GCC_WARN_64_TO_32_BIT_CONVERSION = YES;
				GCC_WARN_ABOUT_RETURN_TYPE = YES_ERROR;
				GCC_WARN_UNDECLARED_SELECTOR = YES;
				GCC_WARN_UNINITIALIZED_AUTOS = YES_AGGRESSIVE;
				GCC_WARN_UNUSED_FUNCTION = YES;
				GCC_WARN_UNUSED_VARIABLE = YES;
				IPHONEOS_DEPLOYMENT_TARGET = 16.2;
				MTL_ENABLE_DEBUG_INFO = NO;
				MTL_FAST_MATH = YES;
				SDKROOT = iphoneos;
				SWIFT_COMPILATION_MODE = wholemodule;
				SWIFT_OPTIMIZATION_LEVEL = "-O";
				VALIDATE_PRODUCT = YES;
			};
			name = Release;
		};
		42F0DEF02987522C00B27069 /* Debug */ = {
			isa = XCBuildConfiguration;
			buildSettings = {
				ASSETCATALOG_COMPILER_APPICON_NAME = AppIcon;
				ASSETCATALOG_COMPILER_GLOBAL_ACCENT_COLOR_NAME = AccentColor;
				CODE_SIGN_STYLE = Automatic;
				CURRENT_PROJECT_VERSION = 1;
				DEVELOPMENT_ASSET_PATHS = "\"closet/Preview Content\"";
				DEVELOPMENT_TEAM = SR29XA88VK;
				ENABLE_PREVIEWS = YES;
				GENERATE_INFOPLIST_FILE = YES;
				INFOPLIST_KEY_UIApplicationSceneManifest_Generation = YES;
				INFOPLIST_KEY_UIApplicationSupportsIndirectInputEvents = YES;
				INFOPLIST_KEY_UILaunchScreen_Generation = YES;
				INFOPLIST_KEY_UISupportedInterfaceOrientations_iPad = "UIInterfaceOrientationPortrait UIInterfaceOrientationPortraitUpsideDown UIInterfaceOrientationLandscapeLeft UIInterfaceOrientationLandscapeRight";
				INFOPLIST_KEY_UISupportedInterfaceOrientations_iPhone = "UIInterfaceOrientationPortrait UIInterfaceOrientationLandscapeLeft UIInterfaceOrientationLandscapeRight";
				LD_RUNPATH_SEARCH_PATHS = (
					"$(inherited)",
					"@executable_path/Frameworks",
				);
				MARKETING_VERSION = 1.0;
				PRODUCT_BUNDLE_IDENTIFIER = me.heidialbarazi.closet;
				PRODUCT_NAME = "$(TARGET_NAME)";
				SWIFT_EMIT_LOC_STRINGS = YES;
				SWIFT_VERSION = 5.0;
				TARGETED_DEVICE_FAMILY = "1,2";
			};
			name = Debug;
		};
		42F0DEF12987522C00B27069 /* Release */ = {
			isa = XCBuildConfiguration;
			buildSettings = {
				ASSETCATALOG_COMPILER_APPICON_NAME = AppIcon;
				ASSETCATALOG_COMPILER_GLOBAL_ACCENT_COLOR_NAME = AccentColor;
				CODE_SIGN_STYLE = Automatic;
				CURRENT_PROJECT_VERSION = 1;
				DEVELOPMENT_ASSET_PATHS = "\"closet/Preview Content\"";
				DEVELOPMENT_TEAM = SR29XA88VK;
				ENABLE_PREVIEWS = YES;
				GENERATE_INFOPLIST_FILE = YES;
				INFOPLIST_KEY_UIApplicationSceneManifest_Generation = YES;
				INFOPLIST_KEY_UIApplicationSupportsIndirectInputEvents = YES;
				INFOPLIST_KEY_UILaunchScreen_Generation = YES;
				INFOPLIST_KEY_UISupportedInterfaceOrientations_iPad = "UIInterfaceOrientationPortrait UIInterfaceOrientationPortraitUpsideDown UIInterfaceOrientationLandscapeLeft UIInterfaceOrientationLandscapeRight";
				INFOPLIST_KEY_UISupportedInterfaceOrientations_iPhone = "UIInterfaceOrientationPortrait UIInterfaceOrientationLandscapeLeft UIInterfaceOrientationLandscapeRight";
				LD_RUNPATH_SEARCH_PATHS = (
					"$(inherited)",
					"@executable_path/Frameworks",
				);
				MARKETING_VERSION = 1.0;
				PRODUCT_BUNDLE_IDENTIFIER = me.heidialbarazi.closet;
				PRODUCT_NAME = "$(TARGET_NAME)";
				SWIFT_EMIT_LOC_STRINGS = YES;
				SWIFT_VERSION = 5.0;
				TARGETED_DEVICE_FAMILY = "1,2";
			};
			name = Release;
		};
/* End XCBuildConfiguration section */

/* Begin XCConfigurationList section */
		42F0DED72987522700B27069 /* Build configuration list for PBXProject "closet" */ = {
			isa = XCConfigurationList;
			buildConfigurations = (
				42F0DEED2987522C00B27069 /* Debug */,
				42F0DEEE2987522C00B27069 /* Release */,
			);
			defaultConfigurationIsVisible = 0;
			defaultConfigurationName = Release;
		};
		42F0DEEF2987522C00B27069 /* Build configuration list for PBXNativeTarget "closet" */ = {
			isa = XCConfigurationList;
			buildConfigurations = (
				42F0DEF02987522C00B27069 /* Debug */,
				42F0DEF12987522C00B27069 /* Release */,
			);
			defaultConfigurationIsVisible = 0;
			defaultConfigurationName = Release;
		};
/* End XCConfigurationList section */

/* Begin XCVersionGroup section */
		42F0DEEA2987522C00B27069 /* closet.xcdatamodeld */ = {
			isa = XCVersionGroup;
			children = (
				42F0DEEB2987522C00B27069 /* closet.xcdatamodel */,
			);
			currentVersion = 42F0DEEB2987522C00B27069 /* closet.xcdatamodel */;
			path = closet.xcdatamodeld;
			sourceTree = "<group>";
			versionGroupType = wrapper.xcdatamodel;
		};
/* End XCVersionGroup section */
	};
	rootObject = 42F0DED42987522700B27069 /* Project object */;
}
